{
  "name": "roon-tuneshine",
  "version": "1.0.0",
  "lockfileVersion": 3,
  "requires": true,
  "packages": {
    "": {
      "name": "roon-tuneshine",
      "version": "1.0.0",
      "license": "ISC",
      "dependencies": {
        "node-roon-api": "github:RoonLabs/node-roon-api",
        "node-roon-api-image": "github:RoonLabs/node-roon-api-image",
        "node-roon-api-transport": "github:RoonLabs/node-roon-api-transport"
      }
    },
    "node_modules/node-roon-api": {
      "version": "1.2.3",
      "resolved": "git+ssh://git@github.com/RoonLabs/node-roon-api.git#055dae6c2ac45b6c738aa3b9e5ac1fd722ed60e8",
      "license": "Apache-2.0",
      "dependencies": {
        "node-uuid": "^1.4.7",
        "ws": ">=3.3.1"
      }
    },
    "node_modules/node-roon-api-image": {
      "version": "1.0.0",
      "resolved": "git+ssh://git@github.com/RoonLabs/node-roon-api-image.git#a5f0efaf2dfb5457e91abe326c3a40d865131d32",
      "license": "Apache-2.0"
    },
    "node_modules/node-roon-api-transport": {
      "version": "2.0.1",
      "resolved": "git+ssh://git@github.com/RoonLabs/node-roon-api-transport.git#2ee60008a4cdb90c34ff3de58bb4b949067f1d20",
      "license": "Apache-2.0"
    },
    "node_modules/node-uuid": {
      "version": "1.4.8",
      "resolved": "https://registry.npmjs.org/node-uuid/-/node-uuid-1.4.8.tgz",
      "integrity": "sha512-TkCET/3rr9mUuRp+CpO7qfgT++aAxfDRaalQhwPFzI9BY/2rCDn6OfpZOVggi1AXfTPpfkTrg5f5WQx5G1uLxA==",
      "deprecated": "Use uuid module instead",
      "bin": {
        "uuid": "bin/uuid"
      }
    },
    "node_modules/ws": {
      "version": "8.21.0",
      "resolved": "https://registry.npmjs.org/ws/-/ws-8.21.0.tgz",
      "integrity": "sha512-Vsp28b7DRcimFQvrqu2Wek3z1iYxDCWqHYB8Qsnk/S4RfaCQzPGPyBNuVjJV3cd6UiKtUtp6sNM77gWvzcCH+g==",
      "license": "MIT",
      "engines": {
        "node": ">=10.0.0"
      },
      "peerDependencies": {
        "bufferutil": "^4.0.1",
        "utf-8-validate": ">=5.0.2"
      },
      "peerDependenciesMeta": {
        "bufferutil": {
          "optional": true
        },
        "utf-8-validate": {
          "optional": true
        }
      }
    }
  }
}
